gitee.com/ivfzhou/gotools/v4 v4.0.0 h1:icciJiTf2ybIeqdzEwfUeeTeQtFjYoSYbEzlkcD4QiE=
gitee.com/ivfzhou/gotools/v4 v4.0.0/go.mod h1:xkyqU/VGybdnE/G+nI6dCHpqOWWpW3pXt9XLehAWyq4=
golang.org/x/text v0.14.0 h1:ScX5w1eTa3QqT8oi6+ziP7dTV1S2+ALU0bI+0zXKWiQ=
golang.org/x/text v0.14.0/go.mod h1:18ZOQIKpY8NJVqYksKHtTdi31H5itFRjB5/qKTNYzSU=
